
Microsoft Visual Studio Solution File, Format Version 12.00
# Visual Studio Version 17
VisualStudioVersion = 17.7.34202.233
MinimumVisualStudioVersion = 10.0.40219.1
Project("{FAE04EC0-301F-11D3-BF4B-00C04F79EFBC}") = "Efe 2", "Efe 1\Efe 2.csproj", "{6B9C92E4-90F8-4CD8-871D-F8E94675600E}"
EndProject
Global
	GlobalSection(SolutionConfigurationPlatforms) = preSolution
		Debug|Any CPU = Debug|Any CPU
		Release|Any CPU = Release|Any CPU
	EndGlobalSection
	GlobalSection(ProjectConfigurationPlatforms) = postSolution
		{6B9C92E4-90F8-4CD8-871D-F8E94675600E}.Debug|Any CPU.ActiveCfg = Debug|Any CPU
		{6B9C92E4-90F8-4CD8-871D-F8E94675600E}.Debug|Any CPU.Build.0 = Debug|Any CPU
		{6B9C92E4-90F8-4CD8-871D-F8E94675600E}.Release|Any CPU.ActiveCfg = Release|Any CPU
		{6B9C92E4-90F8-4CD8-871D-F8E94675600E}.Release|Any CPU.Build.0 = Release|Any CPU
	EndGlobalSection
	GlobalSection(SolutionProperties) = preSolution
		HideSolutionNode = FALSE
	EndGlobalSection
	GlobalSection(ExtensibilityGlobals) = postSolution
		SolutionGuid = {7F43BE27-59CE-4069-BAB1-FCCAB33D8AF2}
	EndGlobalSection
EndGlobal
